// !$*UTF8*$!
{
	archiveVersion = 1;
	classes = {
	};
	objectVersion = 46;
	objects = {

/* Begin PBXBuildFile section */
		CEC3ECF51A2C334700E1DC7A /* main.m in Sources */ = {isa = PBXBuildFile; fileRef = CEC3ECF41A2C334700E1DC7A /* main.m */; };
		CEC3ECF81A2C334700E1DC7A /* AppDelegate.m in Sources */ = {isa = PBXBuildFile; fileRef = CEC3ECF71A2C334700E1DC7A /* AppDelegate.m */; };
		CEC3ECFB1A2C334700E1DC7A /* ViewController.m in Sources */ = {isa = PBXBuildFile; fileRef = CEC3ECFA1A2C334700E1DC7A /* ViewController.m */; };
		CEC3ECFE1A2C334700E1DC7A /* Main.storyboard in Resources */ = {isa = PBXBuildFile; fileRef = CEC3ECFC1A2C334700E1DC7A /* Main.storyboard */; };
		CEC3ED001A2C334700E1DC7A /* Images.xcassets in Resources */ = {isa = PBXBuildFile; fileRef = CEC3ECFF1A2C334700E1DC7A /* Images.xcassets */; };
		CEC3ED031A2C334700E1DC7A /* LaunchScreen.xib in Resources */ = {isa = PBXBuildFile; fileRef = CEC3ED011A2C334700E1DC7A /* LaunchScreen.xib */; };
		CEC3ED0F1A2C334700E1DC7A /* TestPhotoViewsTests.m in Sources */ = {isa = PBXBuildFile; fileRef = CEC3ED0E1A2C334700E1DC7A /* TestPhotoViewsTests.m */; };
		CEC3ED2D1A2C365500E1DC7A /* photoBrowser.bundle in Resources */ = {isa = PBXBuildFile; fileRef = CEC3ED281A2C365500E1DC7A /* photoBrowser.bundle */; };
		CEC3ED2E1A2C365500E1DC7A /* PhotoBrowserView.m in Sources */ = {isa = PBXBuildFile; fileRef = CEC3ED2A1A2C365500E1DC7A /* PhotoBrowserView.m */; };
		CEC3ED2F1A2C365500E1DC7A /* PhotoView.m in Sources */ = {isa = PBXBuildFile; fileRef = CEC3ED2C1A2C365500E1DC7A /* PhotoView.m */; };
		CEC3ED531A2C3DA100E1DC7A /* images in Resources */ = {isa = PBXBuildFile; fileRef = CEC3ED521A2C3DA100E1DC7A /* images */; };
/* End PBXBuildFile section */

/* Begin PBXContainerItemProxy section */
		CEC3ED091A2C334700E1DC7A /* PBXContainerItemProxy */ = {
			isa = PBXContainerItemProxy;
			containerPortal = CEC3ECE71A2C334700E1DC7A /* Project object */;
			proxyType = 1;
			remoteGlobalIDString = CEC3ECEE1A2C334700E1DC7A;
			remoteInfo = TestPhotoViews;
		};
/* End PBXContainerItemProxy section */

/* Begin PBXFileReference section */
		CEC3ECEF1A2C334700E1DC7A /* TestPhotoViews.app */ = {isa = PBXFileReference; explicitFileType = wrapper.application; includeInIndex = 0; path = TestPhotoViews.app; sourceTree = BUILT_PRODUCTS_DIR; };
		CEC3ECF31A2C334700E1DC7A /* Info.plist */ = {isa = PBXFileReference; lastKnownFileType = text.plist.xml; path = Info.plist; sourceTree = "<group>"; };
		CEC3ECF41A2C334700E1DC7A /* main.m */ = {isa = PBXFileReference; lastKnownFileType = sourcecode.c.objc; path = main.m; sourceTree = "<group>"; };
		CEC3ECF61A2C334700E1DC7A /* AppDelegate.h */ = {isa = PBXFileReference; lastKnownFileType = sourcecode.c.h; path = AppDelegate.h; sourceTree = "<group>"; };
		CEC3ECF71A2C334700E1DC7A /* AppDelegate.m */ = {isa = PBXFileReference; lastKnownFileType = sourcecode.c.objc; path = AppDelegate.m; sourceTree = "<group>"; };
		CEC3ECF91A2C334700E1DC7A /* ViewController.h */ = {isa = PBXFileReference; lastKnownFileType = sourcecode.c.h; path = ViewController.h; sourceTree = "<group>"; };
		CEC3ECFA1A2C334700E1DC7A /* ViewController.m */ = {isa = PBXFileReference; lastKnownFileType = sourcecode.c.objc; path = ViewController.m; sourceTree = "<group>"; };
		CEC3ECFD1A2C334700E1DC7A /* Base */ = {isa = PBXFileReference; lastKnownFileType = file.storyboard; name = Base; path = Base.lproj/Main.storyboard; sourceTree = "<group>"; };
		CEC3ECFF1A2C334700E1DC7A /* Images.xcassets */ = {isa = PBXFileReference; lastKnownFileType = folder.assetcatalog; path = Images.xcassets; sourceTree = "<group>"; };
		CEC3ED021A2C334700E1DC7A /* Base */ = {isa = PBXFileReference; lastKnownFileType = file.xib; name = Base; path = Base.lproj/LaunchScreen.xib; sourceTree = "<group>"; };
		CEC3ED081A2C334700E1DC7A /* TestPhotoViewsTests.xctest */ = {isa = PBXFileReference; explicitFileType = wrapper.cfbundle; includeInIndex = 0; path = TestPhotoViewsTests.xctest; sourceTree = BUILT_PRODUCTS_DIR; };
		CEC3ED0D1A2C334700E1DC7A /* Info.plist */ = {isa = PBXFileReference; lastKnownFileType = text.plist.xml; path = Info.plist; sourceTree = "<group>"; };
		CEC3ED0E1A2C334700E1DC7A /* TestPhotoViewsTests.m */ = {isa = PBXFileReference; lastKnownFileType = sourcecode.c.objc; path = TestPhotoViewsTests.m; sourceTree = "<group>"; };
		CEC3ED281A2C365500E1DC7A /* photoBrowser.bundle */ = {isa = PBXFileReference; lastKnownFileType = "wrapper.plug-in"; path = photoBrowser.bundle; sourceTree = "<group>"; };
		CEC3ED291A2C365500E1DC7A /* PhotoBrowserView.h */ = {isa = PBXFileReference; fileEncoding = 4; lastKnownFileType = sourcecode.c.h; path = PhotoBrowserView.h; sourceTree = "<group>"; };
		CEC3ED2A1A2C365500E1DC7A /* PhotoBrowserView.m */ = {isa = PBXFileReference; fileEncoding = 4; lastKnownFileType = sourcecode.c.objc; path = PhotoBrowserView.m; sourceTree = "<group>"; };
		CEC3ED2B1A2C365500E1DC7A /* PhotoView.h */ = {isa = PBXFileReference; fileEncoding = 4; lastKnownFileType = sourcecode.c.h; path = PhotoView.h; sourceTree = "<group>"; };
		CEC3ED2C1A2C365500E1DC7A /* PhotoView.m */ = {isa = PBXFileReference; fileEncoding = 4; lastKnownFileType = sourcecode.c.objc; path = PhotoView.m; sourceTree = "<group>"; };
		CEC3ED301A2C393E00E1DC7A /* photoConsts.h */ = {isa = PBXFileReference; fileEncoding = 4; lastKnownFileType = sourcecode.c.h; path = photoConsts.h; sourceTree = "<group>"; };
		CEC3ED521A2C3DA100E1DC7A /* images */ = {isa = PBXFileReference; lastKnownFileType = folder; path = images; sourceTree = "<group>"; };
/* End PBXFileReference section */

/* Begin PBXFrameworksBuildPhase section */
		CEC3ECEC1A2C334700E1DC7A /* Frameworks */ = {
			isa = PBXFrameworksBuildPhase;
			buildActionMask = 2147483647;
			files = (
			);
			runOnlyForDeploymentPostprocessing = 0;
		};
		CEC3ED051A2C334700E1DC7A /* Frameworks */ = {
			isa = PBXFrameworksBuildPhase;
			buildActionMask = 2147483647;
			files = (
			);
			runOnlyForDeploymentPostprocessing = 0;
		};
/* End PBXFrameworksBuildPhase section */

/* Begin PBXGroup section */
		CEC3ECE61A2C334700E1DC7A = {
			isa = PBXGroup;
			children = (
				CEC3ECF11A2C334700E1DC7A /* TestPhotoViews */,
				CEC3ED0B1A2C334700E1DC7A /* TestPhotoViewsTests */,
				CEC3ECF01A2C334700E1DC7A /* Products */,
			);
			sourceTree = "<group>";
		};
		CEC3ECF01A2C334700E1DC7A /* Products */ = {
			isa = PBXGroup;
			children = (
				CEC3ECEF1A2C334700E1DC7A /* TestPhotoViews.app */,
				CEC3ED081A2C334700E1DC7A /* TestPhotoViewsTests.xctest */,
			);
			name = Products;
			sourceTree = "<group>";
		};
		CEC3ECF11A2C334700E1DC7A /* TestPhotoViews */ = {
			isa = PBXGroup;
			children = (
				CEC3ED521A2C3DA100E1DC7A /* images */,
				CEC3ED271A2C365500E1DC7A /* photoBrowser */,
				CEC3ECF61A2C334700E1DC7A /* AppDelegate.h */,
				CEC3ECF71A2C334700E1DC7A /* AppDelegate.m */,
				CEC3ECF91A2C334700E1DC7A /* ViewController.h */,
				CEC3ECFA1A2C334700E1DC7A /* ViewController.m */,
				CEC3ECFC1A2C334700E1DC7A /* Main.storyboard */,
				CEC3ECFF1A2C334700E1DC7A /* Images.xcassets */,
				CEC3ED011A2C334700E1DC7A /* LaunchScreen.xib */,
				CEC3ECF21A2C334700E1DC7A /* Supporting Files */,
			);
			path = TestPhotoViews;
			sourceTree = "<group>";
		};
		CEC3ECF21A2C334700E1DC7A /* Supporting Files */ = {
			isa = PBXGroup;
			children = (
				CEC3ECF31A2C334700E1DC7A /* Info.plist */,
				CEC3ECF41A2C334700E1DC7A /* main.m */,
			);
			name = "Supporting Files";
			sourceTree = "<group>";
		};
		CEC3ED0B1A2C334700E1DC7A /* TestPhotoViewsTests */ = {
			isa = PBXGroup;
			children = (
				CEC3ED0E1A2C334700E1DC7A /* TestPhotoViewsTests.m */,
				CEC3ED0C1A2C334700E1DC7A /* Supporting Files */,
			);
			path = TestPhotoViewsTests;
			sourceTree = "<group>";
		};
		CEC3ED0C1A2C334700E1DC7A /* Supporting Files */ = {
			isa = PBXGroup;
			children = (
				CEC3ED0D1A2C334700E1DC7A /* Info.plist */,
			);
			name = "Supporting Files";
			sourceTree = "<group>";
		};
		CEC3ED271A2C365500E1DC7A /* photoBrowser */ = {
			isa = PBXGroup;
			children = (
				CEC3ED281A2C365500E1DC7A /* photoBrowser.bundle */,
				CEC3ED301A2C393E00E1DC7A /* photoConsts.h */,
				CEC3ED291A2C365500E1DC7A /* PhotoBrowserView.h */,
				CEC3ED2A1A2C365500E1DC7A /* PhotoBrowserView.m */,
				CEC3ED2B1A2C365500E1DC7A /* PhotoView.h */,
				CEC3ED2C1A2C365500E1DC7A /* PhotoView.m */,
			);
			path = photoBrowser;
			sourceTree = "<group>";
		};
/* End PBXGroup section */

/* Begin PBXNativeTarget section */
		CEC3ECEE1A2C334700E1DC7A /* TestPhotoViews */ = {
			isa = PBXNativeTarget;
			buildConfigurationList = CEC3ED121A2C334700E1DC7A /* Build configuration list for PBXNativeTarget "TestPhotoViews" */;
			buildPhases = (
				CEC3ECEB1A2C334700E1DC7A /* Sources */,
				CEC3ECEC1A2C334700E1DC7A /* Frameworks */,
				CEC3ECED1A2C334700E1DC7A /* Resources */,
			);
			buildRules = (
			);
			dependencies = (
			);
			name = TestPhotoViews;
			productName = TestPhotoViews;
			productReference = CEC3ECEF1A2C334700E1DC7A /* TestPhotoViews.app */;
			productType = "com.apple.product-type.application";
		};
		CEC3ED071A2C334700E1DC7A /* TestPhotoViewsTests */ = {
			isa = PBXNativeTarget;
			buildConfigurationList = CEC3ED151A2C334700E1DC7A /* Build configuration list for PBXNativeTarget "TestPhotoViewsTests" */;
			buildPhases = (
				CEC3ED041A2C334700E1DC7A /* Sources */,
				CEC3ED051A2C334700E1DC7A /* Frameworks */,
				CEC3ED061A2C334700E1DC7A /* Resources */,
			);
			buildRules = (
			);
			dependencies = (
				CEC3ED0A1A2C334700E1DC7A /* PBXTargetDependency */,
			);
			name = TestPhotoViewsTests;
			productName = TestPhotoViewsTests;
			productReference = CEC3ED081A2C334700E1DC7A /* TestPhotoViewsTests.xctest */;
			productType = "com.apple.product-type.bundle.unit-test";
		};
/* End PBXNativeTarget section */

/* Begin PBXProject section */
		CEC3ECE71A2C334700E1DC7A /* Project object */ = {
			isa = PBXProject;
			attributes = {
				LastUpgradeCheck = 0610;
				ORGANIZATIONNAME = "www.baitutech.com 杭州百图科技有限公司";
				TargetAttributes = {
					CEC3ECEE1A2C334700E1DC7A = {
						CreatedOnToolsVersion = 6.1;
					};
					CEC3ED071A2C334700E1DC7A = {
						CreatedOnToolsVersion = 6.1;
						TestTargetID = CEC3ECEE1A2C334700E1DC7A;
					};
				};
			};
			buildConfigurationList = CEC3ECEA1A2C334700E1DC7A /* Build configuration list for PBXProject "TestPhotoViews" */;
			compatibilityVersion = "Xcode 3.2";
			developmentRegion = English;
			hasScannedForEncodings = 0;
			knownRegions = (
				en,
				Base,
			);
			mainGroup = CEC3ECE61A2C334700E1DC7A;
			productRefGroup = CEC3ECF01A2C334700E1DC7A /* Products */;
			projectDirPath = "";
			projectRoot = "";
			targets = (
				CEC3ECEE1A2C334700E1DC7A /* TestPhotoViews */,
				CEC3ED071A2C334700E1DC7A /* TestPhotoViewsTests */,
			);
		};
/* End PBXProject section */

/* Begin PBXResourcesBuildPhase section */
		CEC3ECED1A2C334700E1DC7A /* Resources */ = {
			isa = PBXResourcesBuildPhase;
			buildActionMask = 2147483647;
			files = (
				CEC3ED531A2C3DA100E1DC7A /* images in Resources */,
				CEC3ECFE1A2C334700E1DC7A /* Main.storyboard in Resources */,
				CEC3ED2D1A2C365500E1DC7A /* photoBrowser.bundle in Resources */,
				CEC3ED031A2C334700E1DC7A /* LaunchScreen.xib in Resources */,
				CEC3ED001A2C334700E1DC7A /* Images.xcassets in Resources */,
			);
			runOnlyForDeploymentPostprocessing = 0;
		};
		CEC3ED061A2C334700E1DC7A /* Resources */ = {
			isa = PBXResourcesBuildPhase;
			buildActionMask = 2147483647;
			files = (
			);
			runOnlyForDeploymentPostprocessing = 0;
		};
/* End PBXResourcesBuildPhase section */

/* Begin PBXSourcesBuildPhase section */
		CEC3ECEB1A2C334700E1DC7A /* Sources */ = {
			isa = PBXSourcesBuildPhase;
			buildActionMask = 2147483647;
			files = (
				CEC3ECFB1A2C334700E1DC7A /* ViewController.m in Sources */,
				CEC3ED2F1A2C365500E1DC7A /* PhotoView.m in Sources */,
				CEC3ECF81A2C334700E1DC7A /* AppDelegate.m in Sources */,
				CEC3ED2E1A2C365500E1DC7A /* PhotoBrowserView.m in Sources */,
				CEC3ECF51A2C334700E1DC7A /* main.m in Sources */,
			);
			runOnlyForDeploymentPostprocessing = 0;
		};
		CEC3ED041A2C334700E1DC7A /* Sources */ = {
			isa = PBXSourcesBuildPhase;
			buildActionMask = 2147483647;
			files = (
				CEC3ED0F1A2C334700E1DC7A /* TestPhotoViewsTests.m in Sources */,
			);
			runOnlyForDeploymentPostprocessing = 0;
		};
/* End PBXSourcesBuildPhase section */

/* Begin PBXTargetDependency section */
		CEC3ED0A1A2C334700E1DC7A /* PBXTargetDependency */ = {
			isa = PBXTargetDependency;
			target = CEC3ECEE1A2C334700E1DC7A /* TestPhotoViews */;
			targetProxy = CEC3ED091A2C334700E1DC7A /* PBXContainerItemProxy */;
		};
/* End PBXTargetDependency section */

/* Begin PBXVariantGroup section */
		CEC3ECFC1A2C334700E1DC7A /* Main.storyboard */ = {
			isa = PBXVariantGroup;
			children = (
				CEC3ECFD1A2C334700E1DC7A /* Base */,
			);
			name = Main.storyboard;
			sourceTree = "<group>";
		};
		CEC3ED011A2C334700E1DC7A /* LaunchScreen.xib */ = {
			isa = PBXVariantGroup;
			children = (
				CEC3ED021A2C334700E1DC7A /* Base */,
			);
			name = LaunchScreen.xib;
			sourceTree = "<group>";
		};
/* End PBXVariantGroup section */

/* Begin XCBuildConfiguration section */
		CEC3ED101A2C334700E1DC7A /* Debug */ = {
			isa = XCBuildConfiguration;
			buildSettings = {
				ALWAYS_SEARCH_USER_PATHS = NO;
				CLANG_CXX_LANGUAGE_STANDARD = "gnu++0x";
				CLANG_CXX_LIBRARY = "libc++";
				CLANG_ENABLE_MODULES = YES;
				CLANG_ENABLE_OBJC_ARC = YES;
				CLANG_WARN_BOOL_CONVERSION = YES;
				CLANG_WARN_CONSTANT_CONVERSION = YES;
				CLANG_WARN_DIRECT_OBJC_ISA_USAGE = YES_ERROR;
				CLANG_WARN_EMPTY_BODY = YES;
				CLANG_WARN_ENUM_CONVERSION = YES;
				CLANG_WARN_INT_CONVERSION = YES;
				CLANG_WARN_OBJC_ROOT_CLASS = YES_ERROR;
				CLANG_WARN_UNREACHABLE_CODE = YES;
				CLANG_WARN__DUPLICATE_METHOD_MATCH = YES;
				"CODE_SIGN_IDENTITY[sdk=iphoneos*]" = "iPhone Developer";
				COPY_PHASE_STRIP = NO;
				ENABLE_STRICT_OBJC_MSGSEND = YES;
				GCC_C_LANGUAGE_STANDARD = gnu99;
				GCC_DYNAMIC_NO_PIC = NO;
				GCC_OPTIMIZATION_LEVEL = 0;
				GCC_PREPROCESSOR_DEFINITIONS = (
					"DEBUG=1",
					"$(inherited)",
				);
				GCC_SYMBOLS_PRIVATE_EXTERN = NO;
				GCC_WARN_64_TO_32_BIT_CONVERSION = YES;
				GCC_WARN_ABOUT_RETURN_TYPE = YES_ERROR;
				GCC_WARN_UNDECLARED_SELECTOR = YES;
				GCC_WARN_UNINITIALIZED_AUTOS = YES_AGGRESSIVE;
				GCC_WARN_UNUSED_FUNCTION = YES;
				GCC_WARN_UNUSED_VARIABLE = YES;
				IPHONEOS_DEPLOYMENT_TARGET = 8.1;
				MTL_ENABLE_DEBUG_INFO = YES;
				ONLY_ACTIVE_ARCH = YES;
				SDKROOT = iphoneos;
				TARGETED_DEVICE_FAMILY = 2;
			};
			name = Debug;
		};
		CEC3ED111A2C334700E1DC7A /* Release */ = {
			isa = XCBuildConfiguration;
			buildSettings = {
				ALWAYS_SEARCH_USER_PATHS = NO;
				CLANG_CXX_LANGUAGE_STANDARD = "gnu++0x";
				CLANG_CXX_LIBRARY = "libc++";
				CLANG_ENABLE_MODULES = YES;
				CLANG_ENABLE_OBJC_ARC = YES;
				CLANG_WARN_BOOL_CONVERSION = YES;
				CLANG_WARN_CONSTANT_CONVERSION = YES;
				CLANG_WARN_DIRECT_OBJC_ISA_USAGE = YES_ERROR;
				CLANG_WARN_EMPTY_BODY = YES;
				CLANG_WARN_ENUM_CONVERSION = YES;
				CLANG_WARN_INT_CONVERSION = YES;
				CLANG_WARN_OBJC_ROOT_CLASS = YES_ERROR;
				CLANG_WARN_UNREACHABLE_CODE = YES;
				CLANG_WARN__DUPLICATE_METHOD_MATCH = YES;
				"CODE_SIGN_IDENTITY[sdk=iphoneos*]" = "iPhone Developer";
				COPY_PHASE_STRIP = YES;
				ENABLE_NS_ASSERTIONS = NO;
				ENABLE_STRICT_OBJC_MSGSEND = YES;
				GCC_C_LANGUAGE_STANDARD = gnu99;
				GCC_WARN_64_TO_32_BIT_CONVERSION = YES;
				GCC_WARN_ABOUT_RETURN_TYPE = YES_ERROR;
				GCC_WARN_UNDECLARED_SELECTOR = YES;
				GCC_WARN_UNINITIALIZED_AUTOS = YES_AGGRESSIVE;
				GCC_WARN_UNUSED_FUNCTION = YES;
				GCC_WARN_UNUSED_VARIABLE = YES;
				IPHONEOS_DEPLOYMENT_TARGET = 8.1;
				MTL_ENABLE_DEBUG_INFO = NO;
				SDKROOT = iphoneos;
				TARGETED_DEVICE_FAMILY = 2;
				VALIDATE_PRODUCT = YES;
			};
			name = Release;
		};
		CEC3ED131A2C334700E1DC7A /* Debug */ = {
			isa = XCBuildConfiguration;
			buildSettings = {
				ASSETCATALOG_COMPILER_APPICON_NAME = AppIcon;
				INFOPLIST_FILE = TestPhotoViews/Info.plist;
				LD_RUNPATH_SEARCH_PATHS = "$(inherited) @executable_path/Frameworks";
				PRODUCT_NAME = "$(TARGET_NAME)";
				TARGETED_DEVICE_FAMILY = "1,2";
			};
			name = Debug;
		};
		CEC3ED141A2C334700E1DC7A /* Release */ = {
			isa = XCBuildConfiguration;
			buildSettings = {
				ASSETCATALOG_COMPILER_APPICON_NAME = AppIcon;
				INFOPLIST_FILE = TestPhotoViews/Info.plist;
				LD_RUNPATH_SEARCH_PATHS = "$(inherited) @executable_path/Frameworks";
				PRODUCT_NAME = "$(TARGET_NAME)";
				TARGETED_DEVICE_FAMILY = "1,2";
			};
			name = Release;
		};
		CEC3ED161A2C334700E1DC7A /* Debug */ = {
			isa = XCBuildConfiguration;
			buildSettings = {
				BUNDLE_LOADER = "$(TEST_HOST)";
				FRAMEWORK_SEARCH_PATHS = (
					"$(SDKROOT)/Developer/Library/Frameworks",
					"$(inherited)",
				);
				GCC_PREPROCESSOR_DEFINITIONS = (
					"DEBUG=1",
					"$(inherited)",
				);
				INFOPLIST_FILE = TestPhotoViewsTests/Info.plist;
				LD_RUNPATH_SEARCH_PATHS = "$(inherited) @executable_path/Frameworks @loader_path/Frameworks";
				PRODUCT_NAME = "$(TARGET_NAME)";
				TEST_HOST = "$(BUILT_PRODUCTS_DIR)/TestPhotoViews.app/TestPhotoViews";
			};
			name = Debug;
		};
		CEC3ED171A2C334700E1DC7A /* Release */ = {
			isa = XCBuildConfiguration;
			buildSettings = {
				BUNDLE_LOADER = "$(TEST_HOST)";
				FRAMEWORK_SEARCH_PATHS = (
					"$(SDKROOT)/Developer/Library/Frameworks",
					"$(inherited)",
				);
				INFOPLIST_FILE = TestPhotoViewsTests/Info.plist;
				LD_RUNPATH_SEARCH_PATHS = "$(inherited) @executable_path/Frameworks @loader_path/Frameworks";
				PRODUCT_NAME = "$(TARGET_NAME)";
				TEST_HOST = "$(BUILT_PRODUCTS_DIR)/TestPhotoViews.app/TestPhotoViews";
			};
			name = Release;
		};
/* End XCBuildConfiguration section */

/* Begin XCConfigurationList section */
		CEC3ECEA1A2C334700E1DC7A /* Build configuration list for PBXProject "TestPhotoViews" */ = {
			isa = XCConfigurationList;
			buildConfigurations = (
				CEC3ED101A2C334700E1DC7A /* Debug */,
				CEC3ED111A2C334700E1DC7A /* Release */,
			);
			defaultConfigurationIsVisible = 0;
			defaultConfigurationName = Release;
		};
		CEC3ED121A2C334700E1DC7A /* Build configuration list for PBXNativeTarget "TestPhotoViews" */ = {
			isa = XCConfigurationList;
			buildConfigurations = (
				CEC3ED131A2C334700E1DC7A /* Debug */,
				CEC3ED141A2C334700E1DC7A /* Release */,
			);
			defaultConfigurationIsVisible = 0;
		};
		CEC3ED151A2C334700E1DC7A /* Build configuration list for PBXNativeTarget "TestPhotoViewsTests" */ = {
			isa = XCConfigurationList;
			buildConfigurations = (
				CEC3ED161A2C334700E1DC7A /* Debug */,
				CEC3ED171A2C334700E1DC7A /* Release */,
			);
			defaultConfigurationIsVisible = 0;
		};
/* End XCConfigurationList section */
	};
	rootObject = CEC3ECE71A2C334700E1DC7A /* Project object */;
}
